// !$*UTF8*$!
{
	archiveVersion = 1;
	classes = {
	};
	objectVersion = 46;
	objects = {

/* Begin PBXBuildFile section */
		8C4567261DD0FA5A00723CBF /* main.m in Sources */ = {isa = PBXBuildFile; fileRef = 8C4567251DD0FA5A00723CBF /* main.m */; };
		8C4567291DD0FA5A00723CBF /* AppDelegate.m in Sources */ = {isa = PBXBuildFile; fileRef = 8C4567281DD0FA5A00723CBF /* AppDelegate.m */; };
		8C45672C1DD0FA5A00723CBF /* ViewController.m in Sources */ = {isa = PBXBuildFile; fileRef = 8C45672B1DD0FA5A00723CBF /* ViewController.m */; };
		8C45672F1DD0FA5A00723CBF /* Main.storyboard in Resources */ = {isa = PBXBuildFile; fileRef = 8C45672D1DD0FA5A00723CBF /* Main.storyboard */; };
		8C4567321DD0FA5A00723CBF /* KMCoreData.xcdatamodeld in Sources */ = {isa = PBXBuildFile; fileRef = 8C4567301DD0FA5A00723CBF /* KMCoreData.xcdatamodeld */; };
		8C4567341DD0FA5A00723CBF /* Assets.xcassets in Resources */ = {isa = PBXBuildFile; fileRef = 8C4567331DD0FA5A00723CBF /* Assets.xcassets */; };
		8C4567371DD0FA5A00723CBF /* LaunchScreen.storyboard in Resources */ = {isa = PBXBuildFile; fileRef = 8C4567351DD0FA5A00723CBF /* LaunchScreen.storyboard */; };
		8C4567401DD0FEB200723CBF /* CustomTableViewCell.m in Sources */ = {isa = PBXBuildFile; fileRef = 8C45673F1DD0FEB200723CBF /* CustomTableViewCell.m */; };
		8C4567431DD0FEC500723CBF /* AddViewController.m in Sources */ = {isa = PBXBuildFile; fileRef = 8C4567421DD0FEC500723CBF /* AddViewController.m */; };
		8C4567501DD0FEDB00723CBF /* SmartPhone+CoreDataProperties.m in Sources */ = {isa = PBXBuildFile; fileRef = 8C4567451DD0FEDB00723CBF /* SmartPhone+CoreDataProperties.m */; };
		8C4567511DD0FEDB00723CBF /* SmartPhone.m in Sources */ = {isa = PBXBuildFile; fileRef = 8C4567471DD0FEDB00723CBF /* SmartPhone.m */; };
		8C4567521DD0FEDB00723CBF /* AC+CoreDataProperties.m in Sources */ = {isa = PBXBuildFile; fileRef = 8C4567491DD0FEDB00723CBF /* AC+CoreDataProperties.m */; };
		8C4567531DD0FEDB00723CBF /* AC.m in Sources */ = {isa = PBXBuildFile; fileRef = 8C45674B1DD0FEDB00723CBF /* AC.m */; };
		8C4567541DD0FEDB00723CBF /* TV+CoreDataProperties.m in Sources */ = {isa = PBXBuildFile; fileRef = 8C45674D1DD0FEDB00723CBF /* TV+CoreDataProperties.m */; };
		8C4567551DD0FEDB00723CBF /* TV.m in Sources */ = {isa = PBXBuildFile; fileRef = 8C45674F1DD0FEDB00723CBF /* TV.m */; };
/* End PBXBuildFile section */

/* Begin PBXFileReference section */
		8C4567211DD0FA5A00723CBF /* KMCoreData.app */ = {isa = PBXFileReference; explicitFileType = wrapper.application; includeInIndex = 0; path = KMCoreData.app; sourceTree = BUILT_PRODUCTS_DIR; };
		8C4567251DD0FA5A00723CBF /* main.m */ = {isa = PBXFileReference; lastKnownFileType = sourcecode.c.objc; path = main.m; sourceTree = "<group>"; };
		8C4567271DD0FA5A00723CBF /* AppDelegate.h */ = {isa = PBXFileReference; lastKnownFileType = sourcecode.c.h; path = AppDelegate.h; sourceTree = "<group>"; };
		8C4567281DD0FA5A00723CBF /* AppDelegate.m */ = {isa = PBXFileReference; lastKnownFileType = sourcecode.c.objc; path = AppDelegate.m; sourceTree = "<group>"; };
		8C45672A1DD0FA5A00723CBF /* ViewController.h */ = {isa = PBXFileReference; lastKnownFileType = sourcecode.c.h; path = ViewController.h; sourceTree = "<group>"; };
		8C45672B1DD0FA5A00723CBF /* ViewController.m */ = {isa = PBXFileReference; lastKnownFileType = sourcecode.c.objc; path = ViewController.m; sourceTree = "<group>"; };
		8C45672E1DD0FA5A00723CBF /* Base */ = {isa = PBXFileReference; lastKnownFileType = file.storyboard; name = Base; path = Base.lproj/Main.storyboard; sourceTree = "<group>"; };
		8C4567311DD0FA5A00723CBF /* KMCoreData.xcdatamodel */ = {isa = PBXFileReference; lastKnownFileType = wrapper.xcdatamodel; path = KMCoreData.xcdatamodel; sourceTree = "<group>"; };
		8C4567331DD0FA5A00723CBF /* Assets.xcassets */ = {isa = PBXFileReference; lastKnownFileType = folder.assetcatalog; path = Assets.xcassets; sourceTree = "<group>"; };
		8C4567361DD0FA5A00723CBF /* Base */ = {isa = PBXFileReference; lastKnownFileType = file.storyboard; name = Base; path = Base.lproj/LaunchScreen.storyboard; sourceTree = "<group>"; };
		8C4567381DD0FA5A00723CBF /* Info.plist */ = {isa = PBXFileReference; lastKnownFileType = text.plist.xml; path = Info.plist; sourceTree = "<group>"; };
		8C45673E1DD0FEB200723CBF /* CustomTableViewCell.h */ = {isa = PBXFileReference; fileEncoding = 4; lastKnownFileType = sourcecode.c.h; path = CustomTableViewCell.h; sourceTree = "<group>"; };
		8C45673F1DD0FEB200723CBF /* CustomTableViewCell.m */ = {isa = PBXFileReference; fileEncoding = 4; lastKnownFileType = sourcecode.c.objc; path = CustomTableViewCell.m; sourceTree = "<group>"; };
		8C4567411DD0FEC500723CBF /* AddViewController.h */ = {isa = PBXFileReference; fileEncoding = 4; lastKnownFileType = sourcecode.c.h; path = AddViewController.h; sourceTree = "<group>"; };
		8C4567421DD0FEC500723CBF /* AddViewController.m */ = {isa = PBXFileReference; fileEncoding = 4; lastKnownFileType = sourcecode.c.objc; path = AddViewController.m; sourceTree = "<group>"; };
		8C4567441DD0FEDB00723CBF /* SmartPhone+CoreDataProperties.h */ = {isa = PBXFileReference; fileEncoding = 4; lastKnownFileType = sourcecode.c.h; path = "SmartPhone+CoreDataProperties.h"; sourceTree = "<group>"; };
		8C4567451DD0FEDB00723CBF /* SmartPhone+CoreDataProperties.m */ = {isa = PBXFileReference; fileEncoding = 4; lastKnownFileType = sourcecode.c.objc; path = "SmartPhone+CoreDataProperties.m"; sourceTree = "<group>"; };
		8C4567461DD0FEDB00723CBF /* SmartPhone.h */ = {isa = PBXFileReference; fileEncoding = 4; lastKnownFileType = sourcecode.c.h; path = SmartPhone.h; sourceTree = "<group>"; };
		8C4567471DD0FEDB00723CBF /* SmartPhone.m */ = {isa = PBXFileReference; fileEncoding = 4; lastKnownFileType = sourcecode.c.objc; path = SmartPhone.m; sourceTree = "<group>"; };
		8C4567481DD0FEDB00723CBF /* AC+CoreDataProperties.h */ = {isa = PBXFileReference; fileEncoding = 4; lastKnownFileType = sourcecode.c.h; path = "AC+CoreDataProperties.h"; sourceTree = "<group>"; };
		8C4567491DD0FEDB00723CBF /* AC+CoreDataProperties.m */ = {isa = PBXFileReference; fileEncoding = 4; lastKnownFileType = sourcecode.c.objc; path = "AC+CoreDataProperties.m"; sourceTree = "<group>"; };
		8C45674A1DD0FEDB00723CBF /* AC.h */ = {isa = PBXFileReference; fileEncoding = 4; lastKnownFileType = sourcecode.c.h; path = AC.h; sourceTree = "<group>"; };
		8C45674B1DD0FEDB00723CBF /* AC.m */ = {isa = PBXFileReference; fileEncoding = 4; lastKnownFileType = sourcecode.c.objc; path = AC.m; sourceTree = "<group>"; };
		8C45674C1DD0FEDB00723CBF /* TV+CoreDataProperties.h */ = {isa = PBXFileReference; fileEncoding = 4; lastKnownFileType = sourcecode.c.h; path = "TV+CoreDataProperties.h"; sourceTree = "<group>"; };
		8C45674D1DD0FEDB00723CBF /* TV+CoreDataProperties.m */ = {isa = PBXFileReference; fileEncoding = 4; lastKnownFileType = sourcecode.c.objc; path = "TV+CoreDataProperties.m"; sourceTree = "<group>"; };
		8C45674E1DD0FEDB00723CBF /* TV.h */ = {isa = PBXFileReference; fileEncoding = 4; lastKnownFileType = sourcecode.c.h; path = TV.h; sourceTree = "<group>"; };
		8C45674F1DD0FEDB00723CBF /* TV.m */ = {isa = PBXFileReference; fileEncoding = 4; lastKnownFileType = sourcecode.c.objc; path = TV.m; sourceTree = "<group>"; };
/* End PBXFileReference section */

/* Begin PBXFrameworksBuildPhase section */
		8C45671E1DD0FA5A00723CBF /* Frameworks */ = {
			isa = PBXFrameworksBuildPhase;
			buildActionMask = 2147483647;
			files = (
			);
			runOnlyForDeploymentPostprocessing = 0;
		};
/* End PBXFrameworksBuildPhase section */

/* Begin PBXGroup section */
		8C4567181DD0FA5A00723CBF = {
			isa = PBXGroup;
			children = (
				8C4567231DD0FA5A00723CBF /* KMCoreData */,
				8C4567221DD0FA5A00723CBF /* Products */,
			);
			sourceTree = "<group>";
		};
		8C4567221DD0FA5A00723CBF /* Products */ = {
			isa = PBXGroup;
			children = (
				8C4567211DD0FA5A00723CBF /* KMCoreData.app */,
			);
			name = Products;
			sourceTree = "<group>";
		};
		8C4567231DD0FA5A00723CBF /* KMCoreData */ = {
			isa = PBXGroup;
			children = (
				8C4567271DD0FA5A00723CBF /* AppDelegate.h */,
				8C4567281DD0FA5A00723CBF /* AppDelegate.m */,
				8C45672A1DD0FA5A00723CBF /* ViewController.h */,
				8C45672B1DD0FA5A00723CBF /* ViewController.m */,
				8C4567411DD0FEC500723CBF /* AddViewController.h */,
				8C4567421DD0FEC500723CBF /* AddViewController.m */,
				8C45673E1DD0FEB200723CBF /* CustomTableViewCell.h */,
				8C45673F1DD0FEB200723CBF /* CustomTableViewCell.m */,
				8C45672D1DD0FA5A00723CBF /* Main.storyboard */,
				8C4567331DD0FA5A00723CBF /* Assets.xcassets */,
				8C4567351DD0FA5A00723CBF /* LaunchScreen.storyboard */,
				8C4567381DD0FA5A00723CBF /* Info.plist */,
				8C4567301DD0FA5A00723CBF /* KMCoreData.xcdatamodeld */,
				8C4567441DD0FEDB00723CBF /* SmartPhone+CoreDataProperties.h */,
				8C4567451DD0FEDB00723CBF /* SmartPhone+CoreDataProperties.m */,
				8C4567461DD0FEDB00723CBF /* SmartPhone.h */,
				8C4567471DD0FEDB00723CBF /* SmartPhone.m */,
				8C4567481DD0FEDB00723CBF /* AC+CoreDataProperties.h */,
				8C4567491DD0FEDB00723CBF /* AC+CoreDataProperties.m */,
				8C45674A1DD0FEDB00723CBF /* AC.h */,
				8C45674B1DD0FEDB00723CBF /* AC.m */,
				8C45674C1DD0FEDB00723CBF /* TV+CoreDataProperties.h */,
				8C45674D1DD0FEDB00723CBF /* TV+CoreDataProperties.m */,
				8C45674E1DD0FEDB00723CBF /* TV.h */,
				8C45674F1DD0FEDB00723CBF /* TV.m */,
				8C4567241DD0FA5A00723CBF /* Supporting Files */,
			);
			path = KMCoreData;
			sourceTree = "<group>";
		};
		8C4567241DD0FA5A00723CBF /* Supporting Files */ = {
			isa = PBXGroup;
			children = (
				8C4567251DD0FA5A00723CBF /* main.m */,
			);
			name = "Supporting Files";
			sourceTree = "<group>";
		};
/* End PBXGroup section */

/* Begin PBXNativeTarget section */
		8C4567201DD0FA5A00723CBF /* KMCoreData */ = {
			isa = PBXNativeTarget;
			buildConfigurationList = 8C45673B1DD0FA5A00723CBF /* Build configuration list for PBXNativeTarget "KMCoreData" */;
			buildPhases = (
				8C45671D1DD0FA5A00723CBF /* Sources */,
				8C45671E1DD0FA5A00723CBF /* Frameworks */,
				8C45671F1DD0FA5A00723CBF /* Resources */,
			);
			buildRules = (
			);
			dependencies = (
			);
			name = KMCoreData;
			productName = KMCoreData;
			productReference = 8C4567211DD0FA5A00723CBF /* KMCoreData.app */;
			productType = "com.apple.product-type.application";
		};
/* End PBXNativeTarget section */

/* Begin PBXProject section */
		8C4567191DD0FA5A00723CBF /* Project object */ = {
			isa = PBXProject;
			attributes = {
				LastUpgradeCheck = 0730;
				ORGANIZATIONNAME = "Karishma Mahajan";
				TargetAttributes = {
					8C4567201DD0FA5A00723CBF = {
						CreatedOnToolsVersion = 7.3.1;
					};
				};
			};
			buildConfigurationList = 8C45671C1DD0FA5A00723CBF /* Build configuration list for PBXProject "KMCoreData" */;
			compatibilityVersion = "Xcode 3.2";
			developmentRegion = English;
			hasScannedForEncodings = 0;
			knownRegions = (
				en,
				Base,
			);
			mainGroup = 8C4567181DD0FA5A00723CBF;
			productRefGroup = 8C4567221DD0FA5A00723CBF /* Products */;
			projectDirPath = "";
			projectRoot = "";
			targets = (
				8C4567201DD0FA5A00723CBF /* KMCoreData */,
			);
		};
/* End PBXProject section */

/* Begin PBXResourcesBuildPhase section */
		8C45671F1DD0FA5A00723CBF /* Resources */ = {
			isa = PBXResourcesBuildPhase;
			buildActionMask = 2147483647;
			files = (
				8C4567371DD0FA5A00723CBF /* LaunchScreen.storyboard in Resources */,
				8C4567341DD0FA5A00723CBF /* Assets.xcassets in Resources */,
				8C45672F1DD0FA5A00723CBF /* Main.storyboard in Resources */,
			);
			runOnlyForDeploymentPostprocessing = 0;
		};
/* End PBXResourcesBuildPhase section */

/* Begin PBXSourcesBuildPhase section */
		8C45671D1DD0FA5A00723CBF /* Sources */ = {
			isa = PBXSourcesBuildPhase;
			buildActionMask = 2147483647;
			files = (
				8C4567511DD0FEDB00723CBF /* SmartPhone.m in Sources */,
				8C4567551DD0FEDB00723CBF /* TV.m in Sources */,
				8C4567521DD0FEDB00723CBF /* AC+CoreDataProperties.m in Sources */,
				8C45672C1DD0FA5A00723CBF /* ViewController.m in Sources */,
				8C4567531DD0FEDB00723CBF /* AC.m in Sources */,
				8C4567291DD0FA5A00723CBF /* AppDelegate.m in Sources */,
				8C4567431DD0FEC500723CBF /* AddViewController.m in Sources */,
				8C4567541DD0FEDB00723CBF /* TV+CoreDataProperties.m in Sources */,
				8C4567321DD0FA5A00723CBF /* KMCoreData.xcdatamodeld in Sources */,
				8C4567501DD0FEDB00723CBF /* SmartPhone+CoreDataProperties.m in Sources */,
				8C4567401DD0FEB200723CBF /* CustomTableViewCell.m in Sources */,
				8C4567261DD0FA5A00723CBF /* main.m in Sources */,
			);
			runOnlyForDeploymentPostprocessing = 0;
		};
/* End PBXSourcesBuildPhase section */

/* Begin PBXVariantGroup section */
		8C45672D1DD0FA5A00723CBF /* Main.storyboard */ = {
			isa = PBXVariantGroup;
			children = (
				8C45672E1DD0FA5A00723CBF /* Base */,
			);
			name = Main.storyboard;
			sourceTree = "<group>";
		};
		8C4567351DD0FA5A00723CBF /* LaunchScreen.storyboard */ = {
			isa = PBXVariantGroup;
			children = (
				8C4567361DD0FA5A00723CBF /* Base */,
			);
			name = LaunchScreen.storyboard;
			sourceTree = "<group>";
		};
/* End PBXVariantGroup section */

/* Begin XCBuildConfiguration section */
		8C4567391DD0FA5A00723CBF /* Debug */ = {
			isa = XCBuildConfiguration;
			buildSettings = {
				ALWAYS_SEARCH_USER_PATHS = NO;
				CLANG_ANALYZER_NONNULL = YES;
				CLANG_CXX_LANGUAGE_STANDARD = "gnu++0x";
				CLANG_CXX_LIBRARY = "libc++";
				CLANG_ENABLE_MODULES = YES;
				CLANG_ENABLE_OBJC_ARC = YES;
				CLANG_WARN_BOOL_CONVERSION = YES;
				CLANG_WARN_CONSTANT_CONVERSION = YES;
				CLANG_WARN_DIRECT_OBJC_ISA_USAGE = YES_ERROR;
				CLANG_WARN_EMPTY_BODY = YES;
				CLANG_WARN_ENUM_CONVERSION = YES;
				CLANG_WARN_INT_CONVERSION = YES;
				CLANG_WARN_OBJC_ROOT_CLASS = YES_ERROR;
				CLANG_WARN_UNREACHABLE_CODE = YES;
				CLANG_WARN__DUPLICATE_METHOD_MATCH = YES;
				"CODE_SIGN_IDENTITY[sdk=iphoneos*]" = "iPhone Developer";
				COPY_PHASE_STRIP = NO;
				DEBUG_INFORMATION_FORMAT = dwarf;
				ENABLE_STRICT_OBJC_MSGSEND = YES;
				ENABLE_TESTABILITY = YES;
				GCC_C_LANGUAGE_STANDARD = gnu99;
				GCC_DYNAMIC_NO_PIC = NO;
				GCC_NO_COMMON_BLOCKS = YES;
				GCC_OPTIMIZATION_LEVEL = 0;
				GCC_PREPROCESSOR_DEFINITIONS = (
					"DEBUG=1",
					"$(inherited)",
				);
				GCC_WARN_64_TO_32_BIT_CONVERSION = YES;
				GCC_WARN_ABOUT_RETURN_TYPE = YES_ERROR;
				GCC_WARN_UNDECLARED_SELECTOR = YES;
				GCC_WARN_UNINITIALIZED_AUTOS = YES_AGGRESSIVE;
				GCC_WARN_UNUSED_FUNCTION = YES;
				GCC_WARN_UNUSED_VARIABLE = YES;
				IPHONEOS_DEPLOYMENT_TARGET = 9.3;
				MTL_ENABLE_DEBUG_INFO = YES;
				ONLY_ACTIVE_ARCH = YES;
				SDKROOT = iphoneos;
				TARGETED_DEVICE_FAMILY = "1,2";
			};
			name = Debug;
		};
		8C45673A1DD0FA5A00723CBF /* Release */ = {
			isa = XCBuildConfiguration;
			buildSettings = {
				ALWAYS_SEARCH_USER_PATHS = NO;
				CLANG_ANALYZER_NONNULL = YES;
				CLANG_CXX_LANGUAGE_STANDARD = "gnu++0x";
				CLANG_CXX_LIBRARY = "libc++";
				CLANG_ENABLE_MODULES = YES;
				CLANG_ENABLE_OBJC_ARC = YES;
				CLANG_WARN_BOOL_CONVERSION = YES;
				CLANG_WARN_CONSTANT_CONVERSION = YES;
				CLANG_WARN_DIRECT_OBJC_ISA_USAGE = YES_ERROR;
				CLANG_WARN_EMPTY_BODY = YES;
				CLANG_WARN_ENUM_CONVERSION = YES;
				CLANG_WARN_INT_CONVERSION = YES;
				CLANG_WARN_OBJC_ROOT_CLASS = YES_ERROR;
				CLANG_WARN_UNREACHABLE_CODE = YES;
				CLANG_WARN__DUPLICATE_METHOD_MATCH = YES;
				"CODE_SIGN_IDENTITY[sdk=iphoneos*]" = "iPhone Developer";
				COPY_PHASE_STRIP = NO;
				DEBUG_INFORMATION_FORMAT = "dwarf-with-dsym";
				ENABLE_NS_ASSERTIONS = NO;
				ENABLE_STRICT_OBJC_MSGSEND = YES;
				GCC_C_LANGUAGE_STANDARD = gnu99;
				GCC_NO_COMMON_BLOCKS = YES;
				GCC_WARN_64_TO_32_BIT_CONVERSION = YES;
				GCC_WARN_ABOUT_RETURN_TYPE = YES_ERROR;
				GCC_WARN_UNDECLARED_SELECTOR = YES;
				GCC_WARN_UNINITIALIZED_AUTOS = YES_AGGRESSIVE;
				GCC_WARN_UNUSED_FUNCTION = YES;
				GCC_WARN_UNUSED_VARIABLE = YES;
				IPHONEOS_DEPLOYMENT_TARGET = 9.3;
				MTL_ENABLE_DEBUG_INFO = NO;
				SDKROOT = iphoneos;
				TARGETED_DEVICE_FAMILY = "1,2";
				VALIDATE_PRODUCT = YES;
			};
			name = Release;
		};
		8C45673C1DD0FA5A00723CBF /* Debug */ = {
			isa = XCBuildConfiguration;
			buildSettings = {
				ASSETCATALOG_COMPILER_APPICON_NAME = AppIcon;
				INFOPLIST_FILE = KMCoreData/Info.plist;
				LD_RUNPATH_SEARCH_PATHS = "$(inherited) @executable_path/Frameworks";
				PRODUCT_BUNDLE_IDENTIFIER = com.Karishma.KMCoreData;
				PRODUCT_NAME = "$(TARGET_NAME)";
			};
			name = Debug;
		};
		8C45673D1DD0FA5A00723CBF /* Release */ = {
			isa = XCBuildConfiguration;
			buildSettings = {
				ASSETCATALOG_COMPILER_APPICON_NAME = AppIcon;
				INFOPLIST_FILE = KMCoreData/Info.plist;
				LD_RUNPATH_SEARCH_PATHS = "$(inherited) @executable_path/Frameworks";
				PRODUCT_BUNDLE_IDENTIFIER = com.Karishma.KMCoreData;
				PRODUCT_NAME = "$(TARGET_NAME)";
			};
			name = Release;
		};
/* End XCBuildConfiguration section */

/* Begin XCConfigurationList section */
		8C45671C1DD0FA5A00723CBF /* Build configuration list for PBXProject "KMCoreData" */ = {
			isa = XCConfigurationList;
			buildConfigurations = (
				8C4567391DD0FA5A00723CBF /* Debug */,
				8C45673A1DD0FA5A00723CBF /* Release */,
			);
			defaultConfigurationIsVisible = 0;
			defaultConfigurationName = Release;
		};
		8C45673B1DD0FA5A00723CBF /* Build configuration list for PBXNativeTarget "KMCoreData" */ = {
			isa = XCConfigurationList;
			buildConfigurations = (
				8C45673C1DD0FA5A00723CBF /* Debug */,
				8C45673D1DD0FA5A00723CBF /* Release */,
			);
			defaultConfigurationIsVisible = 0;
		};
/* End XCConfigurationList section */

/* Begin XCVersionGroup section */
		8C4567301DD0FA5A00723CBF /* KMCoreData.xcdatamodeld */ = {
			isa = XCVersionGroup;
			children = (
				8C4567311DD0FA5A00723CBF /* KMCoreData.xcdatamodel */,
			);
			currentVersion = 8C4567311DD0FA5A00723CBF /* KMCoreData.xcdatamodel */;
			path = KMCoreData.xcdatamodeld;
			sourceTree = "<group>";
			versionGroupType = wrapper.xcdatamodel;
		};
/* End XCVersionGroup section */
	};
	rootObject = 8C4567191DD0FA5A00723CBF /* Project object */;
}
